// !$*UTF8*$!
{
	archiveVersion = 1;
	classes = {
	};
	objectVersion = 56;
	objects = {

/* Begin PBXBuildFile section */
		FC378CB72A04F692005B1473 /* EditMenuView.swift in Sources */ = {isa = PBXBuildFile; fileRef = FC378CB62A04F692005B1473 /* EditMenuView.swift */; };
		FC378CBA2A08C113005B1473 /* Items.swift in Sources */ = {isa = PBXBuildFile; fileRef = FC378CB92A08C113005B1473 /* Items.swift */; };
		FC378CBC2A0A24CD005B1473 /* RecentItems.swift in Sources */ = {isa = PBXBuildFile; fileRef = FC378CBB2A0A24CD005B1473 /* RecentItems.swift */; };
		FC378CBE2A0B23DA005B1473 /* AddMenuView.swift in Sources */ = {isa = PBXBuildFile; fileRef = FC378CBD2A0B23DA005B1473 /* AddMenuView.swift */; };
		FC378CC02A0CE570005B1473 /* ItemDetailView.swift in Sources */ = {isa = PBXBuildFile; fileRef = FC378CBF2A0CE570005B1473 /* ItemDetailView.swift */; };
		FC55C9522A1EBD7900C1BD7A /* EarningHistoryView.swift in Sources */ = {isa = PBXBuildFile; fileRef = FC55C9512A1EBD7900C1BD7A /* EarningHistoryView.swift */; };
		FC7F204F2A32FA850021D7E5 /* ItemsModel.xcdatamodeld in Sources */ = {isa = PBXBuildFile; fileRef = FC7F204D2A32FA850021D7E5 /* ItemsModel.xcdatamodeld */; };
		FC7F20512A32FAF90021D7E5 /* DataController.swift in Sources */ = {isa = PBXBuildFile; fileRef = FC7F20502A32FAF90021D7E5 /* DataController.swift */; };
		FCBBF9A12A00EFA9005535A8 /* CalculationAppApp.swift in Sources */ = {isa = PBXBuildFile; fileRef = FCBBF9A02A00EFA9005535A8 /* CalculationAppApp.swift */; };
		FCBBF9A32A00EFA9005535A8 /* ContentView.swift in Sources */ = {isa = PBXBuildFile; fileRef = FCBBF9A22A00EFA9005535A8 /* ContentView.swift */; };
		FCBBF9A52A00EFA9005535A8 /* Assets.xcassets in Resources */ = {isa = PBXBuildFile; fileRef = FCBBF9A42A00EFA9005535A8 /* Assets.xcassets */; };
		FCBBF9A82A00EFA9005535A8 /* Preview Assets.xcassets in Resources */ = {isa = PBXBuildFile; fileRef = FCBBF9A72A00EFA9005535A8 /* Preview Assets.xcassets */; };
		FCF8DE172A130D1C00DF42AB /* TestingView.swift in Sources */ = {isa = PBXBuildFile; fileRef = FCF8DE162A130D1C00DF42AB /* TestingView.swift */; };
		FCFF13822A136B3800E93EEF /* TotalIncome.swift in Sources */ = {isa = PBXBuildFile; fileRef = FCFF13812A136B3800E93EEF /* TotalIncome.swift */; };
/* End PBXBuildFile section */

/* Begin PBXFileReference section */
		FC378CB62A04F692005B1473 /* EditMenuView.swift */ = {isa = PBXFileReference; lastKnownFileType = sourcecode.swift; path = EditMenuView.swift; sourceTree = "<group>"; };
		FC378CB92A08C113005B1473 /* Items.swift */ = {isa = PBXFileReference; lastKnownFileType = sourcecode.swift; path = Items.swift; sourceTree = "<group>"; };
		FC378CBB2A0A24CD005B1473 /* RecentItems.swift */ = {isa = PBXFileReference; lastKnownFileType = sourcecode.swift; path = RecentItems.swift; sourceTree = "<group>"; };
		FC378CBD2A0B23DA005B1473 /* AddMenuView.swift */ = {isa = PBXFileReference; lastKnownFileType = sourcecode.swift; path = AddMenuView.swift; sourceTree = "<group>"; };
		FC378CBF2A0CE570005B1473 /* ItemDetailView.swift */ = {isa = PBXFileReference; lastKnownFileType = sourcecode.swift; path = ItemDetailView.swift; sourceTree = "<group>"; };
		FC55C9512A1EBD7900C1BD7A /* EarningHistoryView.swift */ = {isa = PBXFileReference; lastKnownFileType = sourcecode.swift; path = EarningHistoryView.swift; sourceTree = "<group>"; };
		FC7F204E2A32FA850021D7E5 /* ItemsModel.xcdatamodel */ = {isa = PBXFileReference; lastKnownFileType = wrapper.xcdatamodel; path = ItemsModel.xcdatamodel; sourceTree = "<group>"; };
		FC7F20502A32FAF90021D7E5 /* DataController.swift */ = {isa = PBXFileReference; lastKnownFileType = sourcecode.swift; path = DataController.swift; sourceTree = "<group>"; };
		FCBBF99D2A00EFA9005535A8 /* CalculationApp.app */ = {isa = PBXFileReference; explicitFileType = wrapper.application; includeInIndex = 0; path = CalculationApp.app; sourceTree = BUILT_PRODUCTS_DIR; };
		FCBBF9A02A00EFA9005535A8 /* CalculationAppApp.swift */ = {isa = PBXFileReference; lastKnownFileType = sourcecode.swift; path = CalculationAppApp.swift; sourceTree = "<group>"; };
		FCBBF9A22A00EFA9005535A8 /* ContentView.swift */ = {isa = PBXFileReference; lastKnownFileType = sourcecode.swift; path = ContentView.swift; sourceTree = "<group>"; };
		FCBBF9A42A00EFA9005535A8 /* Assets.xcassets */ = {isa = PBXFileReference; lastKnownFileType = folder.assetcatalog; path = Assets.xcassets; sourceTree = "<group>"; };
		FCBBF9A72A00EFA9005535A8 /* Preview Assets.xcassets */ = {isa = PBXFileReference; lastKnownFileType = folder.assetcatalog; path = "Preview Assets.xcassets"; sourceTree = "<group>"; };
		FCF8DE162A130D1C00DF42AB /* TestingView.swift */ = {isa = PBXFileReference; lastKnownFileType = sourcecode.swift; path = TestingView.swift; sourceTree = "<group>"; };
		FCFF13812A136B3800E93EEF /* TotalIncome.swift */ = {isa = PBXFileReference; lastKnownFileType = sourcecode.swift; path = TotalIncome.swift; sourceTree = "<group>"; };
/* End PBXFileReference section */

/* Begin PBXFrameworksBuildPhase section */
		FCBBF99A2A00EFA9005535A8 /* Frameworks */ = {
			isa = PBXFrameworksBuildPhase;
			buildActionMask = 2147483647;
			files = (
			);
			runOnlyForDeploymentPostprocessing = 0;
		};
/* End PBXFrameworksBuildPhase section */

/* Begin PBXGroup section */
		FC378CB82A08BB9F005B1473 /* View */ = {
			isa = PBXGroup;
			children = (
				FCBBF9A22A00EFA9005535A8 /* ContentView.swift */,
				FC378CB62A04F692005B1473 /* EditMenuView.swift */,
				FC378CBD2A0B23DA005B1473 /* AddMenuView.swift */,
				FC378CBF2A0CE570005B1473 /* ItemDetailView.swift */,
				FC55C9512A1EBD7900C1BD7A /* EarningHistoryView.swift */,
			);
			path = View;
			sourceTree = "<group>";
		};
		FC55C9502A1EBB7600C1BD7A /* ModelData */ = {
			isa = PBXGroup;
			children = (
				FC378CB92A08C113005B1473 /* Items.swift */,
				FCFF13812A136B3800E93EEF /* TotalIncome.swift */,
				FC378CBB2A0A24CD005B1473 /* RecentItems.swift */,
			);
			path = ModelData;
			sourceTree = "<group>";
		};
		FC7F204C2A32FA640021D7E5 /* DataModel */ = {
			isa = PBXGroup;
			children = (
				FC7F204D2A32FA850021D7E5 /* ItemsModel.xcdatamodeld */,
				FC7F20502A32FAF90021D7E5 /* DataController.swift */,
			);
			path = DataModel;
			sourceTree = "<group>";
		};
		FCBBF9942A00EFA9005535A8 = {
			isa = PBXGroup;
			children = (
				FCBBF99F2A00EFA9005535A8 /* CalculationApp */,
				FCBBF99E2A00EFA9005535A8 /* Products */,
			);
			sourceTree = "<group>";
		};
		FCBBF99E2A00EFA9005535A8 /* Products */ = {
			isa = PBXGroup;
			children = (
				FCBBF99D2A00EFA9005535A8 /* CalculationApp.app */,
			);
			name = Products;
			sourceTree = "<group>";
		};
		FCBBF99F2A00EFA9005535A8 /* CalculationApp */ = {
			isa = PBXGroup;
			children = (
				FCBBF9A02A00EFA9005535A8 /* CalculationAppApp.swift */,
				FC378CB82A08BB9F005B1473 /* View */,
				FC55C9502A1EBB7600C1BD7A /* ModelData */,
				FCF8DE152A130D0800DF42AB /* Testing */,
				FC7F204C2A32FA640021D7E5 /* DataModel */,
				FCBBF9A42A00EFA9005535A8 /* Assets.xcassets */,
				FCBBF9A62A00EFA9005535A8 /* Preview Content */,
			);
			path = CalculationApp;
			sourceTree = "<group>";
		};
		FCBBF9A62A00EFA9005535A8 /* Preview Content */ = {
			isa = PBXGroup;
			children = (
				FCBBF9A72A00EFA9005535A8 /* Preview Assets.xcassets */,
			);
			path = "Preview Content";
			sourceTree = "<group>";
		};
		FCF8DE152A130D0800DF42AB /* Testing */ = {
			isa = PBXGroup;
			children = (
				FCF8DE162A130D1C00DF42AB /* TestingView.swift */,
			);
			path = Testing;
			sourceTree = "<group>";
		};
/* End PBXGroup section */

/* Begin PBXNativeTarget section */
		FCBBF99C2A00EFA9005535A8 /* CalculationApp */ = {
			isa = PBXNativeTarget;
			buildConfigurationList = FCBBF9AB2A00EFA9005535A8 /* Build configuration list for PBXNativeTarget "CalculationApp" */;
			buildPhases = (
				FCBBF9992A00EFA9005535A8 /* Sources */,
				FCBBF99A2A00EFA9005535A8 /* Frameworks */,
				FCBBF99B2A00EFA9005535A8 /* Resources */,
			);
			buildRules = (
			);
			dependencies = (
			);
			name = CalculationApp;
			productName = CalculationApp;
			productReference = FCBBF99D2A00EFA9005535A8 /* CalculationApp.app */;
			productType = "com.apple.product-type.application";
		};
/* End PBXNativeTarget section */

/* Begin PBXProject section */
		FCBBF9952A00EFA9005535A8 /* Project object */ = {
			isa = PBXProject;
			attributes = {
				BuildIndependentTargetsInParallel = 1;
				LastSwiftUpdateCheck = 1430;
				LastUpgradeCheck = 1430;
				TargetAttributes = {
					FCBBF99C2A00EFA9005535A8 = {
						CreatedOnToolsVersion = 14.3;
					};
				};
			};
			buildConfigurationList = FCBBF9982A00EFA9005535A8 /* Build configuration list for PBXProject "CalculationApp" */;
			compatibilityVersion = "Xcode 14.0";
			developmentRegion = en;
			hasScannedForEncodings = 0;
			knownRegions = (
				en,
				Base,
			);
			mainGroup = FCBBF9942A00EFA9005535A8;
			productRefGroup = FCBBF99E2A00EFA9005535A8 /* Products */;
			projectDirPath = "";
			projectRoot = "";
			targets = (
				FCBBF99C2A00EFA9005535A8 /* CalculationApp */,
			);
		};
/* End PBXProject section */

/* Begin PBXResourcesBuildPhase section */
		FCBBF99B2A00EFA9005535A8 /* Resources */ = {
			isa = PBXResourcesBuildPhase;
			buildActionMask = 2147483647;
			files = (
				FCBBF9A82A00EFA9005535A8 /* Preview Assets.xcassets in Resources */,
				FCBBF9A52A00EFA9005535A8 /* Assets.xcassets in Resources */,
			);
			runOnlyForDeploymentPostprocessing = 0;
		};
/* End PBXResourcesBuildPhase section */

/* Begin PBXSourcesBuildPhase section */
		FCBBF9992A00EFA9005535A8 /* Sources */ = {
			isa = PBXSourcesBuildPhase;
			buildActionMask = 2147483647;
			files = (
				FC378CBC2A0A24CD005B1473 /* RecentItems.swift in Sources */,
				FC7F20512A32FAF90021D7E5 /* DataController.swift in Sources */,
				FC378CBE2A0B23DA005B1473 /* AddMenuView.swift in Sources */,
				FC55C9522A1EBD7900C1BD7A /* EarningHistoryView.swift in Sources */,
				FC378CC02A0CE570005B1473 /* ItemDetailView.swift in Sources */,
				FC378CBA2A08C113005B1473 /* Items.swift in Sources */,
				FCBBF9A32A00EFA9005535A8 /* ContentView.swift in Sources */,
				FCFF13822A136B3800E93EEF /* TotalIncome.swift in Sources */,
				FCF8DE172A130D1C00DF42AB /* TestingView.swift in Sources */,
				FCBBF9A12A00EFA9005535A8 /* CalculationAppApp.swift in Sources */,
				FC7F204F2A32FA850021D7E5 /* ItemsModel.xcdatamodeld in Sources */,
				FC378CB72A04F692005B1473 /* EditMenuView.swift in Sources */,
			);
			runOnlyForDeploymentPostprocessing = 0;
		};
/* End PBXSourcesBuildPhase section */

/* Begin XCBuildConfiguration section */
		FCBBF9A92A00EFA9005535A8 /* Debug */ = {
			isa = XCBuildConfiguration;
			buildSettings = {
				ALWAYS_SEARCH_USER_PATHS = NO;
				CLANG_ANALYZER_NONNULL = YES;
				CLANG_ANALYZER_NUMBER_OBJECT_CONVERSION = YES_AGGRESSIVE;
				CLANG_CXX_LANGUAGE_STANDARD = "gnu++20";
				CLANG_ENABLE_MODULES = YES;
				CLANG_ENABLE_OBJC_ARC = YES;
				CLANG_ENABLE_OBJC_WEAK = YES;
				CLANG_WARN_BLOCK_CAPTURE_AUTORELEASING = YES;
				CLANG_WARN_BOOL_CONVERSION = YES;
				CLANG_WARN_COMMA = YES;
				CLANG_WARN_CONSTANT_CONVERSION = YES;
				CLANG_WARN_DEPRECATED_OBJC_IMPLEMENTATIONS = YES;
				CLANG_WARN_DIRECT_OBJC_ISA_USAGE = YES_ERROR;
				CLANG_WARN_DOCUMENTATION_COMMENTS = YES;
				CLANG_WARN_EMPTY_BODY = YES;
				CLANG_WARN_ENUM_CONVERSION = YES;
				CLANG_WARN_INFINITE_RECURSION = YES;
				CLANG_WARN_INT_CONVERSION = YES;
				CLANG_WARN_NON_LITERAL_NULL_CONVERSION = YES;
				CLANG_WARN_OBJC_IMPLICIT_RETAIN_SELF = YES;
				CLANG_WARN_OBJC_LITERAL_CONVERSION = YES;
				CLANG_WARN_OBJC_ROOT_CLASS = YES_ERROR;
				CLANG_WARN_QUOTED_INCLUDE_IN_FRAMEWORK_HEADER = YES;
				CLANG_WARN_RANGE_LOOP_ANALYSIS = YES;
				CLANG_WARN_STRICT_PROTOTYPES = YES;
				CLANG_WARN_SUSPICIOUS_MOVE = YES;
				CLANG_WARN_UNGUARDED_AVAILABILITY = YES_AGGRESSIVE;
				CLANG_WARN_UNREACHABLE_CODE = YES;
				CLANG_WARN__DUPLICATE_METHOD_MATCH = YES;
				COPY_PHASE_STRIP = NO;
				DEBUG_INFORMATION_FORMAT = dwarf;
				ENABLE_STRICT_OBJC_MSGSEND = YES;
				ENABLE_TESTABILITY = YES;
				GCC_C_LANGUAGE_STANDARD = gnu11;
				GCC_DYNAMIC_NO_PIC = NO;
				GCC_NO_COMMON_BLOCKS = YES;
				GCC_OPTIMIZATION_LEVEL = 0;
				GCC_PREPROCESSOR_DEFINITIONS = (
					"DEBUG=1",
					"$(inherited)",
				);
				GCC_WARN_64_TO_32_BIT_CONVERSION = YES;
				GCC_WARN_ABOUT_RETURN_TYPE = YES_ERROR;
				GCC_WARN_UNDECLARED_SELECTOR = YES;
				GCC_WARN_UNINITIALIZED_AUTOS = YES_AGGRESSIVE;
				GCC_WARN_UNUSED_FUNCTION = YES;
				GCC_WARN_UNUSED_VARIABLE = YES;
				IPHONEOS_DEPLOYMENT_TARGET = 16.4;
				MTL_ENABLE_DEBUG_INFO = INCLUDE_SOURCE;
				MTL_FAST_MATH = YES;
				ONLY_ACTIVE_ARCH = YES;
				SDKROOT = iphoneos;
				SWIFT_ACTIVE_COMPILATION_CONDITIONS = DEBUG;
				SWIFT_OPTIMIZATION_LEVEL = "-Onone";
			};
			name = Debug;
		};
		FCBBF9AA2A00EFA9005535A8 /* Release */ = {
			isa = XCBuildConfiguration;
			buildSettings = {
				ALWAYS_SEARCH_USER_PATHS = NO;
				CLANG_ANALYZER_NONNULL = YES;
				CLANG_ANALYZER_NUMBER_OBJECT_CONVERSION = YES_AGGRESSIVE;
				CLANG_CXX_LANGUAGE_STANDARD = "gnu++20";
				CLANG_ENABLE_MODULES = YES;
				CLANG_ENABLE_OBJC_ARC = YES;
				CLANG_ENABLE_OBJC_WEAK = YES;
				CLANG_WARN_BLOCK_CAPTURE_AUTORELEASING = YES;
				CLANG_WARN_BOOL_CONVERSION = YES;
				CLANG_WARN_COMMA = YES;
				CLANG_WARN_CONSTANT_CONVERSION = YES;
				CLANG_WARN_DEPRECATED_OBJC_IMPLEMENTATIONS = YES;
				CLANG_WARN_DIRECT_OBJC_ISA_USAGE = YES_ERROR;
				CLANG_WARN_DOCUMENTATION_COMMENTS = YES;
				CLANG_WARN_EMPTY_BODY = YES;
				CLANG_WARN_ENUM_CONVERSION = YES;
				CLANG_WARN_INFINITE_RECURSION = YES;
				CLANG_WARN_INT_CONVERSION = YES;
				CLANG_WARN_NON_LITERAL_NULL_CONVERSION = YES;
				CLANG_WARN_OBJC_IMPLICIT_RETAIN_SELF = YES;
				CLANG_WARN_OBJC_LITERAL_CONVERSION = YES;
				CLANG_WARN_OBJC_ROOT_CLASS = YES_ERROR;
				CLANG_WARN_QUOTED_INCLUDE_IN_FRAMEWORK_HEADER = YES;
				CLANG_WARN_RANGE_LOOP_ANALYSIS = YES;
				CLANG_WARN_STRICT_PROTOTYPES = YES;
				CLANG_WARN_SUSPICIOUS_MOVE = YES;
				CLANG_WARN_UNGUARDED_AVAILABILITY = YES_AGGRESSIVE;
				CLANG_WARN_UNREACHABLE_CODE = YES;
				CLANG_WARN__DUPLICATE_METHOD_MATCH = YES;
				COPY_PHASE_STRIP = NO;
				DEBUG_INFORMATION_FORMAT = "dwarf-with-dsym";
				ENABLE_NS_ASSERTIONS = NO;
				ENABLE_STRICT_OBJC_MSGSEND = YES;
				GCC_C_LANGUAGE_STANDARD = gnu11;
				GCC_NO_COMMON_BLOCKS = YES;
				GCC_WARN_64_TO_32_BIT_CONVERSION = YES;
				GCC_WARN_ABOUT_RETURN_TYPE = YES_ERROR;
				GCC_WARN_UNDECLARED_SELECTOR = YES;
				GCC_WARN_UNINITIALIZED_AUTOS = YES_AGGRESSIVE;
				GCC_WARN_UNUSED_FUNCTION = YES;
				GCC_WARN_UNUSED_VARIABLE = YES;
				IPHONEOS_DEPLOYMENT_TARGET = 16.4;
				MTL_ENABLE_DEBUG_INFO = NO;
				MTL_FAST_MATH = YES;
				SDKROOT = iphoneos;
				SWIFT_COMPILATION_MODE = wholemodule;
				SWIFT_OPTIMIZATION_LEVEL = "-O";
				VALIDATE_PRODUCT = YES;
			};
			name = Release;
		};
		FCBBF9AC2A00EFA9005535A8 /* Debug */ = {
			isa = XCBuildConfiguration;
			buildSettings = {
				ASSETCATALOG_COMPILER_APPICON_NAME = AppIcon;
				ASSETCATALOG_COMPILER_GLOBAL_ACCENT_COLOR_NAME = AccentColor;
				CODE_SIGN_STYLE = Automatic;
				CURRENT_PROJECT_VERSION = 1;
				DEVELOPMENT_ASSET_PATHS = "\"CalculationApp/Preview Content\"";
				DEVELOPMENT_TEAM = X936JFD293;
				ENABLE_PREVIEWS = YES;
				GENERATE_INFOPLIST_FILE = YES;
				INFOPLIST_KEY_UIApplicationSceneManifest_Generation = YES;
				INFOPLIST_KEY_UIApplicationSupportsIndirectInputEvents = YES;
				INFOPLIST_KEY_UILaunchScreen_Generation = YES;
				INFOPLIST_KEY_UISupportedInterfaceOrientations_iPad = "UIInterfaceOrientationPortrait UIInterfaceOrientationPortraitUpsideDown UIInterfaceOrientationLandscapeLeft UIInterfaceOrientationLandscapeRight";
				INFOPLIST_KEY_UISupportedInterfaceOrientations_iPhone = "UIInterfaceOrientationPortrait UIInterfaceOrientationLandscapeLeft UIInterfaceOrientationLandscapeRight";
				LD_RUNPATH_SEARCH_PATHS = (
					"$(inherited)",
					"@executable_path/Frameworks",
				);
				MARKETING_VERSION = 1.0;
				PRODUCT_BUNDLE_IDENTIFIER = Michael.CalculationApp;
				PRODUCT_NAME = "$(TARGET_NAME)";
				SWIFT_EMIT_LOC_STRINGS = YES;
				SWIFT_VERSION = 5.0;
				TARGETED_DEVICE_FAMILY = "1,2";
			};
			name = Debug;
		};
		FCBBF9AD2A00EFA9005535A8 /* Release */ = {
			isa = XCBuildConfiguration;
			buildSettings = {
				ASSETCATALOG_COMPILER_APPICON_NAME = AppIcon;
				ASSETCATALOG_COMPILER_GLOBAL_ACCENT_COLOR_NAME = AccentColor;
				CODE_SIGN_STYLE = Automatic;
				CURRENT_PROJECT_VERSION = 1;
				DEVELOPMENT_ASSET_PATHS = "\"CalculationApp/Preview Content\"";
				DEVELOPMENT_TEAM = X936JFD293;
				ENABLE_PREVIEWS = YES;
				GENERATE_INFOPLIST_FILE = YES;
				INFOPLIST_KEY_UIApplicationSceneManifest_Generation = YES;
				INFOPLIST_KEY_UIApplicationSupportsIndirectInputEvents = YES;
				INFOPLIST_KEY_UILaunchScreen_Generation = YES;
				INFOPLIST_KEY_UISupportedInterfaceOrientations_iPad = "UIInterfaceOrientationPortrait UIInterfaceOrientationPortraitUpsideDown UIInterfaceOrientationLandscapeLeft UIInterfaceOrientationLandscapeRight";
				INFOPLIST_KEY_UISupportedInterfaceOrientations_iPhone = "UIInterfaceOrientationPortrait UIInterfaceOrientationLandscapeLeft UIInterfaceOrientationLandscapeRight";
				LD_RUNPATH_SEARCH_PATHS = (
					"$(inherited)",
					"@executable_path/Frameworks",
				);
				MARKETING_VERSION = 1.0;
				PRODUCT_BUNDLE_IDENTIFIER = Michael.CalculationApp;
				PRODUCT_NAME = "$(TARGET_NAME)";
				SWIFT_EMIT_LOC_STRINGS = YES;
				SWIFT_VERSION = 5.0;
				TARGETED_DEVICE_FAMILY = "1,2";
			};
			name = Release;
		};
/* End XCBuildConfiguration section */

/* Begin XCConfigurationList section */
		FCBBF9982A00EFA9005535A8 /* Build configuration list for PBXProject "CalculationApp" */ = {
			isa = XCConfigurationList;
			buildConfigurations = (
				FCBBF9A92A00EFA9005535A8 /* Debug */,
				FCBBF9AA2A00EFA9005535A8 /* Release */,
			);
			defaultConfigurationIsVisible = 0;
			defaultConfigurationName = Release;
		};
		FCBBF9AB2A00EFA9005535A8 /* Build configuration list for PBXNativeTarget "CalculationApp" */ = {
			isa = XCConfigurationList;
			buildConfigurations = (
				FCBBF9AC2A00EFA9005535A8 /* Debug */,
				FCBBF9AD2A00EFA9005535A8 /* Release */,
			);
			defaultConfigurationIsVisible = 0;
			defaultConfigurationName = Release;
		};
/* End XCConfigurationList section */

/* Begin XCVersionGroup section */
		FC7F204D2A32FA850021D7E5 /* ItemsModel.xcdatamodeld */ = {
			isa = XCVersionGroup;
			children = (
				FC7F204E2A32FA850021D7E5 /* ItemsModel.xcdatamodel */,
			);
			currentVersion = FC7F204E2A32FA850021D7E5 /* ItemsModel.xcdatamodel */;
			path = ItemsModel.xcdatamodeld;
			sourceTree = "<group>";
			versionGroupType = wrapper.xcdatamodel;
		};
/* End XCVersionGroup section */
	};
	rootObject = FCBBF9952A00EFA9005535A8 /* Project object */;
}
